PODS:
  - Flutter (1.0.0)
  - Stripe (19.4.0)
  - stripe_payment (1.0.0):
    - Flutter
    - Stripe (~> 19.4.0)
  - uni_links (0.0.1):
    - Flutter
  - url_launcher (0.0.1):
    - Flutter

DEPENDENCIES:
  - Flutter (from `Flutter`)
  - stripe_payment (from `.symlinks/plugins/stripe_payment/ios`)
  - uni_links (from `.symlinks/plugins/uni_links/ios`)
  - url_launcher (from `.symlinks/plugins/url_launcher/ios`)

SPEC REPOS:
  trunk:
    - Stripe

EXTERNAL SOURCES:
  Flutter:
    :path: Flutter
  stripe_payment:
    :path: ".symlinks/plugins/stripe_payment/ios"
  uni_links:
    :path: ".symlinks/plugins/uni_links/ios"
  url_launcher:
    :path: ".symlinks/plugins/url_launcher/ios"

SPEC CHECKSUMS:
  Flutter: 434fef37c0980e73bb6479ef766c45957d4b510c
  Stripe: 92f1c73a9dbd3c54277ed06a1fea6e08f20414c6
  stripe_payment: 1cbe9c339c21b5ecf01035e80eea351067c67c56
  uni_links: d97da20c7701486ba192624d99bffaaffcfc298a
  url_launcher: 6fef411d543ceb26efce54b05a0a40bfd74cbbef

PODFILE CHECKSUM: 19289cbe2df8fae542329939000c2ed5ab8628ad

COCOAPODS: 1.10.1
